
Microsoft Visual Studio Solution File, Format Version 12.00
# Visual Studio Version 17
VisualStudioVersion = 17.8.34525.116
MinimumVisualStudioVersion = 10.0.40219.1
Project("{9A19103F-16F7-4668-BE54-9A1E7A4F7556}") = "FarmaSenseApi", "FarmaSenseApi\FarmaSenseApi.csproj", "{83407682-F988-4827-8F1B-548A7C9531C4}"
EndProject
Project("{E53339B2-1760-4266-BCC7-CA923CBCF16C}") = "docker-compose", "docker-compose.dcproj", "{F78CB9AD-57E8-4DAF-889D-07568832A848}"
EndProject
Project("{9A19103F-16F7-4668-BE54-9A1E7A4F7556}") = "Domain", "Domain\Domain.csproj", "{53FD5D31-E7E9-4A48-84A0-4EB5E70EF2A0}"
EndProject
Project("{9A19103F-16F7-4668-BE54-9A1E7A4F7556}") = "Infrastructure", "Infrastructure\Infrastructure.csproj", "{725EB313-0218-4A00-8FEF-04B5898BA5C9}"
EndProject
Project("{9A19103F-16F7-4668-BE54-9A1E7A4F7556}") = "Application", "Application\Application.csproj", "{C21132C7-42B0-4CD3-ADDB-9B29F94AF583}"
EndProject
Global
	GlobalSection(SolutionConfigurationPlatforms) = preSolution
		Debug|Any CPU = Debug|Any CPU
		Release|Any CPU = Release|Any CPU
	EndGlobalSection
	GlobalSection(ProjectConfigurationPlatforms) = postSolution
		{83407682-F988-4827-8F1B-548A7C9531C4}.Debug|Any CPU.ActiveCfg = Debug|Any CPU
		{83407682-F988-4827-8F1B-548A7C9531C4}.Debug|Any CPU.Build.0 = Debug|Any CPU
		{83407682-F988-4827-8F1B-548A7C9531C4}.Release|Any CPU.ActiveCfg = Release|Any CPU
		{83407682-F988-4827-8F1B-548A7C9531C4}.Release|Any CPU.Build.0 = Release|Any CPU
		{F78CB9AD-57E8-4DAF-889D-07568832A848}.Debug|Any CPU.ActiveCfg = Debug|Any CPU
		{F78CB9AD-57E8-4DAF-889D-07568832A848}.Debug|Any CPU.Build.0 = Debug|Any CPU
		{F78CB9AD-57E8-4DAF-889D-07568832A848}.Release|Any CPU.ActiveCfg = Release|Any CPU
		{F78CB9AD-57E8-4DAF-889D-07568832A848}.Release|Any CPU.Build.0 = Release|Any CPU
		{53FD5D31-E7E9-4A48-84A0-4EB5E70EF2A0}.Debug|Any CPU.ActiveCfg = Debug|Any CPU
		{53FD5D31-E7E9-4A48-84A0-4EB5E70EF2A0}.Debug|Any CPU.Build.0 = Debug|Any CPU
		{53FD5D31-E7E9-4A48-84A0-4EB5E70EF2A0}.Release|Any CPU.ActiveCfg = Release|Any CPU
		{53FD5D31-E7E9-4A48-84A0-4EB5E70EF2A0}.Release|Any CPU.Build.0 = Release|Any CPU
		{725EB313-0218-4A00-8FEF-04B5898BA5C9}.Debug|Any CPU.ActiveCfg = Debug|Any CPU
		{725EB313-0218-4A00-8FEF-04B5898BA5C9}.Debug|Any CPU.Build.0 = Debug|Any CPU
		{725EB313-0218-4A00-8FEF-04B5898BA5C9}.Release|Any CPU.ActiveCfg = Release|Any CPU
		{725EB313-0218-4A00-8FEF-04B5898BA5C9}.Release|Any CPU.Build.0 = Release|Any CPU
		{C21132C7-42B0-4CD3-ADDB-9B29F94AF583}.Debug|Any CPU.ActiveCfg = Debug|Any CPU
		{C21132C7-42B0-4CD3-ADDB-9B29F94AF583}.Debug|Any CPU.Build.0 = Debug|Any CPU
		{C21132C7-42B0-4CD3-ADDB-9B29F94AF583}.Release|Any CPU.ActiveCfg = Release|Any CPU
		{C21132C7-42B0-4CD3-ADDB-9B29F94AF583}.Release|Any CPU.Build.0 = Release|Any CPU
	EndGlobalSection
	GlobalSection(SolutionProperties) = preSolution
		HideSolutionNode = FALSE
	EndGlobalSection
	GlobalSection(ExtensibilityGlobals) = postSolution
		SolutionGuid = {CD5BE39E-5F26-4E80-B649-8F3D3E3BE164}
	EndGlobalSection
EndGlobal
